
Microsoft Visual Studio Solution File, Format Version 12.00
# Visual Studio 15
VisualStudioVersion = 15.0.28307.168
MinimumVisualStudioVersion = 10.0.40219.1
Project("{FAE04EC0-301F-11D3-BF4B-00C04F79EFBC}") = "Administrator", "Administrator\Administrator.csproj", "{FA21874D-41C3-41B1-B815-BC2C2219A435}"
EndProject
Project("{FAE04EC0-301F-11D3-BF4B-00C04F79EFBC}") = "WebApi", "WebApi\WebApi.csproj", "{7A32A0D9-F348-4184-825F-5736F33CC01C}"
EndProject
Project("{FAE04EC0-301F-11D3-BF4B-00C04F79EFBC}") = "Model", "Model\Model.csproj", "{2AA242F8-5D7A-4803-8670-4DB668884DB8}"
EndProject
Global
	GlobalSection(SolutionConfigurationPlatforms) = preSolution
		Debug|Any CPU = Debug|Any CPU
		Release|Any CPU = Release|Any CPU
	EndGlobalSection
	GlobalSection(ProjectConfigurationPlatforms) = postSolution
		{FA21874D-41C3-41B1-B815-BC2C2219A435}.Debug|Any CPU.ActiveCfg = Debug|Any CPU
		{FA21874D-41C3-41B1-B815-BC2C2219A435}.Debug|Any CPU.Build.0 = Debug|Any CPU
		{FA21874D-41C3-41B1-B815-BC2C2219A435}.Release|Any CPU.ActiveCfg = Release|Any CPU
		{FA21874D-41C3-41B1-B815-BC2C2219A435}.Release|Any CPU.Build.0 = Release|Any CPU
		{7A32A0D9-F348-4184-825F-5736F33CC01C}.Debug|Any CPU.ActiveCfg = Debug|Any CPU
		{7A32A0D9-F348-4184-825F-5736F33CC01C}.Debug|Any CPU.Build.0 = Debug|Any CPU
		{7A32A0D9-F348-4184-825F-5736F33CC01C}.Release|Any CPU.ActiveCfg = Release|Any CPU
		{7A32A0D9-F348-4184-825F-5736F33CC01C}.Release|Any CPU.Build.0 = Release|Any CPU
		{2AA242F8-5D7A-4803-8670-4DB668884DB8}.Debug|Any CPU.ActiveCfg = Debug|Any CPU
		{2AA242F8-5D7A-4803-8670-4DB668884DB8}.Debug|Any CPU.Build.0 = Debug|Any CPU
		{2AA242F8-5D7A-4803-8670-4DB668884DB8}.Release|Any CPU.ActiveCfg = Release|Any CPU
		{2AA242F8-5D7A-4803-8670-4DB668884DB8}.Release|Any CPU.Build.0 = Release|Any CPU
	EndGlobalSection
	GlobalSection(SolutionProperties) = preSolution
		HideSolutionNode = FALSE
	EndGlobalSection
	GlobalSection(ExtensibilityGlobals) = postSolution
		SolutionGuid = {F09B0899-8110-4D6C-A181-879A96206561}
	EndGlobalSection
EndGlobal
